
Microsoft Visual Studio Solution File, Format Version 12.00
# Visual Studio 14
VisualStudioVersion = 14.0.25420.1
MinimumVisualStudioVersion = 10.0.40219.1
Project("{FAE04EC0-301F-11D3-BF4B-00C04F79EFBC}") = "Cottingsley", "Cottingsley\Cottingsley.csproj", "{234E06CD-E3AD-4037-8709-02821A4FED85}"
EndProject
Project("{FAE04EC0-301F-11D3-BF4B-00C04F79EFBC}") = "CottingsleyRepository", "CottingsleyRepository\CottingsleyRepository.csproj", "{18FA89AC-B00C-49B9-895C-9A8CFE747AB4}"
EndProject
Project("{FAE04EC0-301F-11D3-BF4B-00C04F79EFBC}") = "CottingsleyService", "CottingsleyService\CottingsleyService.csproj", "{63C34BD2-67AB-43F3-B011-DC0233BCAFA6}"
EndProject
Project("{FAE04EC0-301F-11D3-BF4B-00C04F79EFBC}") = "CottingsleyModel", "CottingsleyModel\CottingsleyModel.csproj", "{7B5B4300-D34F-4F25-8D02-98946CCB597F}"
EndProject
Project("{FAE04EC0-301F-11D3-BF4B-00C04F79EFBC}") = "CottingsleyContracts", "CottingsleyContracts\CottingsleyContracts.csproj", "{02C29E38-08EA-49BD-ACEA-1BE2722143C7}"
EndProject
Global
	GlobalSection(SolutionConfigurationPlatforms) = preSolution
		Debug|Any CPU = Debug|Any CPU
		Release|Any CPU = Release|Any CPU
	EndGlobalSection
	GlobalSection(ProjectConfigurationPlatforms) = postSolution
		{234E06CD-E3AD-4037-8709-02821A4FED85}.Debug|Any CPU.ActiveCfg = Debug|Any CPU
		{234E06CD-E3AD-4037-8709-02821A4FED85}.Debug|Any CPU.Build.0 = Debug|Any CPU
		{234E06CD-E3AD-4037-8709-02821A4FED85}.Release|Any CPU.ActiveCfg = Release|Any CPU
		{234E06CD-E3AD-4037-8709-02821A4FED85}.Release|Any CPU.Build.0 = Release|Any CPU
		{18FA89AC-B00C-49B9-895C-9A8CFE747AB4}.Debug|Any CPU.ActiveCfg = Debug|Any CPU
		{18FA89AC-B00C-49B9-895C-9A8CFE747AB4}.Debug|Any CPU.Build.0 = Debug|Any CPU
		{18FA89AC-B00C-49B9-895C-9A8CFE747AB4}.Release|Any CPU.ActiveCfg = Release|Any CPU
		{18FA89AC-B00C-49B9-895C-9A8CFE747AB4}.Release|Any CPU.Build.0 = Release|Any CPU
		{63C34BD2-67AB-43F3-B011-DC0233BCAFA6}.Debug|Any CPU.ActiveCfg = Debug|Any CPU
		{63C34BD2-67AB-43F3-B011-DC0233BCAFA6}.Debug|Any CPU.Build.0 = Debug|Any CPU
		{63C34BD2-67AB-43F3-B011-DC0233BCAFA6}.Release|Any CPU.ActiveCfg = Release|Any CPU
		{63C34BD2-67AB-43F3-B011-DC0233BCAFA6}.Release|Any CPU.Build.0 = Release|Any CPU
		{7B5B4300-D34F-4F25-8D02-98946CCB597F}.Debug|Any CPU.ActiveCfg = Debug|Any CPU
		{7B5B4300-D34F-4F25-8D02-98946CCB597F}.Debug|Any CPU.Build.0 = Debug|Any CPU
		{7B5B4300-D34F-4F25-8D02-98946CCB597F}.Release|Any CPU.ActiveCfg = Release|Any CPU
		{7B5B4300-D34F-4F25-8D02-98946CCB597F}.Release|Any CPU.Build.0 = Release|Any CPU
		{02C29E38-08EA-49BD-ACEA-1BE2722143C7}.Debug|Any CPU.ActiveCfg = Debug|Any CPU
		{02C29E38-08EA-49BD-ACEA-1BE2722143C7}.Debug|Any CPU.Build.0 = Debug|Any CPU
		{02C29E38-08EA-49BD-ACEA-1BE2722143C7}.Release|Any CPU.ActiveCfg = Release|Any CPU
		{02C29E38-08EA-49BD-ACEA-1BE2722143C7}.Release|Any CPU.Build.0 = Release|Any CPU
	EndGlobalSection
	GlobalSection(SolutionProperties) = preSolution
		HideSolutionNode = FALSE
	EndGlobalSection
EndGlobal
